
Microsoft Visual Studio Solution File, Format Version 12.00
# Visual Studio 15
VisualStudioVersion = 15.0.28010.2003
MinimumVisualStudioVersion = 10.0.40219.1
Project("{FAE04EC0-301F-11D3-BF4B-00C04F79EFBC}") = "NUCCPL", "NUCCPL\NUCCPL.csproj", "{089CB776-074E-4236-958A-8A8AAA33FCDB}"
EndProject
Global
	GlobalSection(SolutionConfigurationPlatforms) = preSolution
		Debug|Any CPU = Debug|Any CPU
		Debug|x64 = Debug|x64
		Release|Any CPU = Release|Any CPU
		Release|x64 = Release|x64
	EndGlobalSection
	GlobalSection(ProjectConfigurationPlatforms) = postSolution
		{089CB776-074E-4236-958A-8A8AAA33FCDB}.Debug|Any CPU.ActiveCfg = Debug|Any CPU
		{089CB776-074E-4236-958A-8A8AAA33FCDB}.Debug|Any CPU.Build.0 = Debug|Any CPU
		{089CB776-074E-4236-958A-8A8AAA33FCDB}.Debug|x64.ActiveCfg = Debug|x64
		{089CB776-074E-4236-958A-8A8AAA33FCDB}.Debug|x64.Build.0 = Debug|x64
		{089CB776-074E-4236-958A-8A8AAA33FCDB}.Release|Any CPU.ActiveCfg = Release|Any CPU
		{089CB776-074E-4236-958A-8A8AAA33FCDB}.Release|Any CPU.Build.0 = Release|Any CPU
		{089CB776-074E-4236-958A-8A8AAA33FCDB}.Release|x64.ActiveCfg = Release|x64
		{089CB776-074E-4236-958A-8A8AAA33FCDB}.Release|x64.Build.0 = Release|x64
	EndGlobalSection
	GlobalSection(SolutionProperties) = preSolution
		HideSolutionNode = FALSE
	EndGlobalSection
	GlobalSection(ExtensibilityGlobals) = postSolution
		SolutionGuid = {570CF9E4-0E36-4613-BA4C-AAA6F279B43A}
	EndGlobalSection
EndGlobal
